
Microsoft Visual Studio Solution File, Format Version 12.00
# Visual Studio 15
VisualStudioVersion = 15.0.28307.168
MinimumVisualStudioVersion = 10.0.40219.1
Project("{FAE04EC0-301F-11D3-BF4B-00C04F79EFBC}") = "Milky Way", "Milky Way\Milky Way.csproj", "{540EFD45-A594-4BE0-8250-88F3C0EB5D4E}"
EndProject
Global
	GlobalSection(SolutionConfigurationPlatforms) = preSolution
		Debug|Any CPU = Debug|Any CPU
		Release|Any CPU = Release|Any CPU
	EndGlobalSection
	GlobalSection(ProjectConfigurationPlatforms) = postSolution
		{540EFD45-A594-4BE0-8250-88F3C0EB5D4E}.Debug|Any CPU.ActiveCfg = Debug|Any CPU
		{540EFD45-A594-4BE0-8250-88F3C0EB5D4E}.Debug|Any CPU.Build.0 = Debug|Any CPU
		{540EFD45-A594-4BE0-8250-88F3C0EB5D4E}.Release|Any CPU.ActiveCfg = Release|Any CPU
		{540EFD45-A594-4BE0-8250-88F3C0EB5D4E}.Release|Any CPU.Build.0 = Release|Any CPU
	EndGlobalSection
	GlobalSection(SolutionProperties) = preSolution
		HideSolutionNode = FALSE
	EndGlobalSection
	GlobalSection(ExtensibilityGlobals) = postSolution
		SolutionGuid = {96239AB1-9D27-49D1-A22C-1CFA4181160D}
	EndGlobalSection
EndGlobal
